// !$*UTF8*$!
{
	archiveVersion = 1;
	classes = {
	};
	objectVersion = 46;
	objects = {

/* Begin PBXBuildFile section */
		4B01FDBB1D0B3C3200D89855 /* NotifyViewTableCell.swift in Sources */ = {isa = PBXBuildFile; fileRef = 4B01FDBA1D0B3C3200D89855 /* NotifyViewTableCell.swift */; };
		4B01FDBD1D0B692000D89855 /* SettingsViewController.swift in Sources */ = {isa = PBXBuildFile; fileRef = 4B01FDBC1D0B692000D89855 /* SettingsViewController.swift */; };
		4B01FDC11D0BBD9700D89855 /* AboutAuthorViewController.swift in Sources */ = {isa = PBXBuildFile; fileRef = 4B01FDC01D0BBD9700D89855 /* AboutAuthorViewController.swift */; };
		4B0E93731D13923000B6409B /* CustomTabBarController.swift in Sources */ = {isa = PBXBuildFile; fileRef = 4B0E93721D13923000B6409B /* CustomTabBarController.swift */; };
		4B0E93751D139DC100B6409B /* CustomNavigationBarController.swift in Sources */ = {isa = PBXBuildFile; fileRef = 4B0E93741D139DC100B6409B /* CustomNavigationBarController.swift */; };
		4B0E93781D13AAAD00B6409B /* Sleep Peacefully Alarm.mp3 in Resources */ = {isa = PBXBuildFile; fileRef = 4B0E93761D13AAAD00B6409B /* Sleep Peacefully Alarm.mp3 */; };
		4B0E93791D13AAAD00B6409B /* Words to live by.mp3 in Resources */ = {isa = PBXBuildFile; fileRef = 4B0E93771D13AAAD00B6409B /* Words to live by.mp3 */; };
		4B13E32D1D076D880032B7E5 /* SelectMusicViewController.swift in Sources */ = {isa = PBXBuildFile; fileRef = 4B13E32C1D076D870032B7E5 /* SelectMusicViewController.swift */; };
		4B196EAE1D027C4E00A2B61C /* AlarmViewController.swift in Sources */ = {isa = PBXBuildFile; fileRef = 4B196EAD1D027C4E00A2B61C /* AlarmViewController.swift */; };
		4B196EB01D048D9100A2B61C /* AlarmViewTableCell.swift in Sources */ = {isa = PBXBuildFile; fileRef = 4B196EAF1D048D9100A2B61C /* AlarmViewTableCell.swift */; };
		4B196EB21D051BEF00A2B61C /* AddAlarmViewController.swift in Sources */ = {isa = PBXBuildFile; fileRef = 4B196EB11D051BEE00A2B61C /* AddAlarmViewController.swift */; };
		4B196EB41D055EE100A2B61C /* AddAlarmTitleViewController.swift in Sources */ = {isa = PBXBuildFile; fileRef = 4B196EB31D055EE100A2B61C /* AddAlarmTitleViewController.swift */; };
		4B216E571D14A33900F8F786 /* To the end of the world.mp3 in Resources */ = {isa = PBXBuildFile; fileRef = 4B216E561D14A33900F8F786 /* To the end of the world.mp3 */; };
		4B2B54FE1D19F2AD0037A338 /* SelectMusicTableViewCell.swift in Sources */ = {isa = PBXBuildFile; fileRef = 4B2B54FD1D19F2AC0037A338 /* SelectMusicTableViewCell.swift */; };
		4BB2654B1D0D46F4008A9E63 /* FAQViewController.swift in Sources */ = {isa = PBXBuildFile; fileRef = 4BB2654A1D0D46F4008A9E63 /* FAQViewController.swift */; };
		4BB2654D1D0D50D5008A9E63 /* AnswerViewController.swift in Sources */ = {isa = PBXBuildFile; fileRef = 4BB2654C1D0D50D5008A9E63 /* AnswerViewController.swift */; };
		4BB40D611D0897C000AA1F9C /* AlarmList.swift in Sources */ = {isa = PBXBuildFile; fileRef = 4BB40D601D0897C000AA1F9C /* AlarmList.swift */; };
		4BB40D631D08980200AA1F9C /* Alarm.swift in Sources */ = {isa = PBXBuildFile; fileRef = 4BB40D621D08980200AA1F9C /* Alarm.swift */; };
		4BB40D6E1D09878900AA1F9C /* PlayMusicViewController.swift in Sources */ = {isa = PBXBuildFile; fileRef = 4BB40D6D1D09878900AA1F9C /* PlayMusicViewController.swift */; };
		4BC8E4701D062E4200287499 /* Common.swift in Sources */ = {isa = PBXBuildFile; fileRef = 4BC8E46F1D062E4200287499 /* Common.swift */; };
		4BE22A1A1D026F2E00A710F8 /* AppDelegate.swift in Sources */ = {isa = PBXBuildFile; fileRef = 4BE22A191D026F2E00A710F8 /* AppDelegate.swift */; };
		4BE22A211D026F2E00A710F8 /* Main.storyboard in Resources */ = {isa = PBXBuildFile; fileRef = 4BE22A1F1D026F2E00A710F8 /* Main.storyboard */; };
		4BE22A231D026F2E00A710F8 /* Assets.xcassets in Resources */ = {isa = PBXBuildFile; fileRef = 4BE22A221D026F2E00A710F8 /* Assets.xcassets */; };
		4BE22A261D026F2E00A710F8 /* LaunchScreen.storyboard in Resources */ = {isa = PBXBuildFile; fileRef = 4BE22A241D026F2E00A710F8 /* LaunchScreen.storyboard */; };
		4BE22A311D026F2E00A710F8 /* SleepAidTests.swift in Sources */ = {isa = PBXBuildFile; fileRef = 4BE22A301D026F2E00A710F8 /* SleepAidTests.swift */; };
		4BE22A3C1D026F2E00A710F8 /* SleepAidUITests.swift in Sources */ = {isa = PBXBuildFile; fileRef = 4BE22A3B1D026F2E00A710F8 /* SleepAidUITests.swift */; };
		4BE46F921D0ACCE9002F94B1 /* NotifyViewController.swift in Sources */ = {isa = PBXBuildFile; fileRef = 4BE46F911D0ACCE9002F94B1 /* NotifyViewController.swift */; };
/* End PBXBuildFile section */

/* Begin PBXContainerItemProxy section */
		4BE22A2D1D026F2E00A710F8 /* PBXContainerItemProxy */ = {
			isa = PBXContainerItemProxy;
			containerPortal = 4BE22A0E1D026F2E00A710F8 /* Project object */;
			proxyType = 1;
			remoteGlobalIDString = 4BE22A151D026F2E00A710F8;
			remoteInfo = SleepAid;
		};
		4BE22A381D026F2E00A710F8 /* PBXContainerItemProxy */ = {
			isa = PBXContainerItemProxy;
			containerPortal = 4BE22A0E1D026F2E00A710F8 /* Project object */;
			proxyType = 1;
			remoteGlobalIDString = 4BE22A151D026F2E00A710F8;
			remoteInfo = SleepAid;
		};
/* End PBXContainerItemProxy section */

/* Begin PBXFileReference section */
		4B01FDBA1D0B3C3200D89855 /* NotifyViewTableCell.swift */ = {isa = PBXFileReference; fileEncoding = 4; lastKnownFileType = sourcecode.swift; path = NotifyViewTableCell.swift; sourceTree = "<group>"; };
		4B01FDBC1D0B692000D89855 /* SettingsViewController.swift */ = {isa = PBXFileReference; fileEncoding = 4; lastKnownFileType = sourcecode.swift; path = SettingsViewController.swift; sourceTree = "<group>"; };
		4B01FDC01D0BBD9700D89855 /* AboutAuthorViewController.swift */ = {isa = PBXFileReference; fileEncoding = 4; lastKnownFileType = sourcecode.swift; path = AboutAuthorViewController.swift; sourceTree = "<group>"; };
		4B0E93721D13923000B6409B /* CustomTabBarController.swift */ = {isa = PBXFileReference; fileEncoding = 4; lastKnownFileType = sourcecode.swift; path = CustomTabBarController.swift; sourceTree = "<group>"; };
		4B0E93741D139DC100B6409B /* CustomNavigationBarController.swift */ = {isa = PBXFileReference; fileEncoding = 4; lastKnownFileType = sourcecode.swift; path = CustomNavigationBarController.swift; sourceTree = "<group>"; };
		4B0E93761D13AAAD00B6409B /* Sleep Peacefully Alarm.mp3 */ = {isa = PBXFileReference; lastKnownFileType = audio.mp3; path = "Sleep Peacefully Alarm.mp3"; sourceTree = "<group>"; };
		4B0E93771D13AAAD00B6409B /* Words to live by.mp3 */ = {isa = PBXFileReference; lastKnownFileType = audio.mp3; path = "Words to live by.mp3"; sourceTree = "<group>"; };
		4B13E32B1D0666F70032B7E5 /* Prefix.pch */ = {isa = PBXFileReference; lastKnownFileType = sourcecode.c.h; path = Prefix.pch; sourceTree = "<group>"; };
		4B13E32C1D076D870032B7E5 /* SelectMusicViewController.swift */ = {isa = PBXFileReference; fileEncoding = 4; lastKnownFileType = sourcecode.swift; path = SelectMusicViewController.swift; sourceTree = "<group>"; };
		4B196EAD1D027C4E00A2B61C /* AlarmViewController.swift */ = {isa = PBXFileReference; fileEncoding = 4; lastKnownFileType = sourcecode.swift; path = AlarmViewController.swift; sourceTree = "<group>"; };
		4B196EAF1D048D9100A2B61C /* AlarmViewTableCell.swift */ = {isa = PBXFileReference; fileEncoding = 4; lastKnownFileType = sourcecode.swift; path = AlarmViewTableCell.swift; sourceTree = "<group>"; };
		4B196EB11D051BEE00A2B61C /* AddAlarmViewController.swift */ = {isa = PBXFileReference; fileEncoding = 4; lastKnownFileType = sourcecode.swift; path = AddAlarmViewController.swift; sourceTree = "<group>"; };
		4B196EB31D055EE100A2B61C /* AddAlarmTitleViewController.swift */ = {isa = PBXFileReference; fileEncoding = 4; lastKnownFileType = sourcecode.swift; path = AddAlarmTitleViewController.swift; sourceTree = "<group>"; };
		4B216E561D14A33900F8F786 /* To the end of the world.mp3 */ = {isa = PBXFileReference; lastKnownFileType = audio.mp3; path = "To the end of the world.mp3"; sourceTree = "<group>"; };
		4B2B54FD1D19F2AC0037A338 /* SelectMusicTableViewCell.swift */ = {isa = PBXFileReference; fileEncoding = 4; lastKnownFileType = sourcecode.swift; path = SelectMusicTableViewCell.swift; sourceTree = "<group>"; };
		4BB2654A1D0D46F4008A9E63 /* FAQViewController.swift */ = {isa = PBXFileReference; fileEncoding = 4; lastKnownFileType = sourcecode.swift; path = FAQViewController.swift; sourceTree = "<group>"; };
		4BB2654C1D0D50D5008A9E63 /* AnswerViewController.swift */ = {isa = PBXFileReference; fileEncoding = 4; lastKnownFileType = sourcecode.swift; path = AnswerViewController.swift; sourceTree = "<group>"; };
		4BB40D601D0897C000AA1F9C /* AlarmList.swift */ = {isa = PBXFileReference; fileEncoding = 4; lastKnownFileType = sourcecode.swift; path = AlarmList.swift; sourceTree = "<group>"; };
		4BB40D621D08980200AA1F9C /* Alarm.swift */ = {isa = PBXFileReference; fileEncoding = 4; lastKnownFileType = sourcecode.swift; path = Alarm.swift; sourceTree = "<group>"; };
		4BB40D6D1D09878900AA1F9C /* PlayMusicViewController.swift */ = {isa = PBXFileReference; fileEncoding = 4; lastKnownFileType = sourcecode.swift; path = PlayMusicViewController.swift; sourceTree = "<group>"; };
		4BC8E46F1D062E4200287499 /* Common.swift */ = {isa = PBXFileReference; fileEncoding = 4; lastKnownFileType = sourcecode.swift; path = Common.swift; sourceTree = "<group>"; };
		4BE22A161D026F2E00A710F8 /* SleepAid.app */ = {isa = PBXFileReference; explicitFileType = wrapper.application; includeInIndex = 0; path = SleepAid.app; sourceTree = BUILT_PRODUCTS_DIR; };
		4BE22A191D026F2E00A710F8 /* AppDelegate.swift */ = {isa = PBXFileReference; lastKnownFileType = sourcecode.swift; path = AppDelegate.swift; sourceTree = "<group>"; };
		4BE22A201D026F2E00A710F8 /* Base */ = {isa = PBXFileReference; lastKnownFileType = file.storyboard; name = Base; path = Base.lproj/Main.storyboard; sourceTree = "<group>"; };
		4BE22A221D026F2E00A710F8 /* Assets.xcassets */ = {isa = PBXFileReference; lastKnownFileType = folder.assetcatalog; path = Assets.xcassets; sourceTree = "<group>"; };
		4BE22A251D026F2E00A710F8 /* Base */ = {isa = PBXFileReference; lastKnownFileType = file.storyboard; name = Base; path = Base.lproj/LaunchScreen.storyboard; sourceTree = "<group>"; };
		4BE22A271D026F2E00A710F8 /* Info.plist */ = {isa = PBXFileReference; lastKnownFileType = text.plist.xml; path = Info.plist; sourceTree = "<group>"; };
		4BE22A2C1D026F2E00A710F8 /* SleepAidTests.xctest */ = {isa = PBXFileReference; explicitFileType = wrapper.cfbundle; includeInIndex = 0; path = SleepAidTests.xctest; sourceTree = BUILT_PRODUCTS_DIR; };
		4BE22A301D026F2E00A710F8 /* SleepAidTests.swift */ = {isa = PBXFileReference; lastKnownFileType = sourcecode.swift; path = SleepAidTests.swift; sourceTree = "<group>"; };
		4BE22A321D026F2E00A710F8 /* Info.plist */ = {isa = PBXFileReference; lastKnownFileType = text.plist.xml; path = Info.plist; sourceTree = "<group>"; };
		4BE22A371D026F2E00A710F8 /* SleepAidUITests.xctest */ = {isa = PBXFileReference; explicitFileType = wrapper.cfbundle; includeInIndex = 0; path = SleepAidUITests.xctest; sourceTree = BUILT_PRODUCTS_DIR; };
		4BE22A3B1D026F2E00A710F8 /* SleepAidUITests.swift */ = {isa = PBXFileReference; lastKnownFileType = sourcecode.swift; path = SleepAidUITests.swift; sourceTree = "<group>"; };
		4BE22A3D1D026F2E00A710F8 /* Info.plist */ = {isa = PBXFileReference; lastKnownFileType = text.plist.xml; path = Info.plist; sourceTree = "<group>"; };
		4BE46F911D0ACCE9002F94B1 /* NotifyViewController.swift */ = {isa = PBXFileReference; fileEncoding = 4; lastKnownFileType = sourcecode.swift; path = NotifyViewController.swift; sourceTree = "<group>"; };
/* End PBXFileReference section */

/* Begin PBXFrameworksBuildPhase section */
		4BE22A131D026F2E00A710F8 /* Frameworks */ = {
			isa = PBXFrameworksBuildPhase;
			buildActionMask = 2147483647;
			files = (
			);
			runOnlyForDeploymentPostprocessing = 0;
		};
		4BE22A291D026F2E00A710F8 /* Frameworks */ = {
			isa = PBXFrameworksBuildPhase;
			buildActionMask = 2147483647;
			files = (
			);
			runOnlyForDeploymentPostprocessing = 0;
		};
		4BE22A341D026F2E00A710F8 /* Frameworks */ = {
			isa = PBXFrameworksBuildPhase;
			buildActionMask = 2147483647;
			files = (
			);
			runOnlyForDeploymentPostprocessing = 0;
		};
/* End PBXFrameworksBuildPhase section */

/* Begin PBXGroup section */
		4B196EAC1D027C0E00A2B61C /* Controller */ = {
			isa = PBXGroup;
			children = (
				4B196EAD1D027C4E00A2B61C /* AlarmViewController.swift */,
				4B196EAF1D048D9100A2B61C /* AlarmViewTableCell.swift */,
				4B196EB11D051BEE00A2B61C /* AddAlarmViewController.swift */,
				4B196EB31D055EE100A2B61C /* AddAlarmTitleViewController.swift */,
				4B13E32C1D076D870032B7E5 /* SelectMusicViewController.swift */,
				4BB40D6D1D09878900AA1F9C /* PlayMusicViewController.swift */,
				4BE46F911D0ACCE9002F94B1 /* NotifyViewController.swift */,
				4B01FDBA1D0B3C3200D89855 /* NotifyViewTableCell.swift */,
				4B01FDBC1D0B692000D89855 /* SettingsViewController.swift */,
				4B01FDC01D0BBD9700D89855 /* AboutAuthorViewController.swift */,
				4BB2654A1D0D46F4008A9E63 /* FAQViewController.swift */,
				4BB2654C1D0D50D5008A9E63 /* AnswerViewController.swift */,
				4B0E93721D13923000B6409B /* CustomTabBarController.swift */,
				4B0E93741D139DC100B6409B /* CustomNavigationBarController.swift */,
				4B2B54FD1D19F2AC0037A338 /* SelectMusicTableViewCell.swift */,
			);
			name = Controller;
			sourceTree = "<group>";
		};
		4BB40D641D096B6100AA1F9C /* Sounds */ = {
			isa = PBXGroup;
			children = (
				4B216E561D14A33900F8F786 /* To the end of the world.mp3 */,
				4B0E93761D13AAAD00B6409B /* Sleep Peacefully Alarm.mp3 */,
				4B0E93771D13AAAD00B6409B /* Words to live by.mp3 */,
			);
			name = Sounds;
			sourceTree = "<group>";
		};
		4BC8E46E1D062E0300287499 /* Other_Classes */ = {
			isa = PBXGroup;
			children = (
				4BC8E46F1D062E4200287499 /* Common.swift */,
				4B13E32B1D0666F70032B7E5 /* Prefix.pch */,
				4BB40D621D08980200AA1F9C /* Alarm.swift */,
				4BB40D601D0897C000AA1F9C /* AlarmList.swift */,
			);
			name = Other_Classes;
			sourceTree = "<group>";
		};
		4BE22A0D1D026F2E00A710F8 = {
			isa = PBXGroup;
			children = (
				4BE22A181D026F2E00A710F8 /* SleepAid */,
				4BE22A2F1D026F2E00A710F8 /* SleepAidTests */,
				4BE22A3A1D026F2E00A710F8 /* SleepAidUITests */,
				4BE22A171D026F2E00A710F8 /* Products */,
			);
			sourceTree = "<group>";
		};
		4BE22A171D026F2E00A710F8 /* Products */ = {
			isa = PBXGroup;
			children = (
				4BE22A161D026F2E00A710F8 /* SleepAid.app */,
				4BE22A2C1D026F2E00A710F8 /* SleepAidTests.xctest */,
				4BE22A371D026F2E00A710F8 /* SleepAidUITests.xctest */,
			);
			name = Products;
			sourceTree = "<group>";
		};
		4BE22A181D026F2E00A710F8 /* SleepAid */ = {
			isa = PBXGroup;
			children = (
				4BB40D641D096B6100AA1F9C /* Sounds */,
				4BC8E46E1D062E0300287499 /* Other_Classes */,
				4B196EAC1D027C0E00A2B61C /* Controller */,
				4BE22A191D026F2E00A710F8 /* AppDelegate.swift */,
				4BE22A1F1D026F2E00A710F8 /* Main.storyboard */,
				4BE22A221D026F2E00A710F8 /* Assets.xcassets */,
				4BE22A241D026F2E00A710F8 /* LaunchScreen.storyboard */,
				4BE22A271D026F2E00A710F8 /* Info.plist */,
			);
			path = SleepAid;
			sourceTree = "<group>";
		};
		4BE22A2F1D026F2E00A710F8 /* SleepAidTests */ = {
			isa = PBXGroup;
			children = (
				4BE22A301D026F2E00A710F8 /* SleepAidTests.swift */,
				4BE22A321D026F2E00A710F8 /* Info.plist */,
			);
			path = SleepAidTests;
			sourceTree = "<group>";
		};
		4BE22A3A1D026F2E00A710F8 /* SleepAidUITests */ = {
			isa = PBXGroup;
			children = (
				4BE22A3B1D026F2E00A710F8 /* SleepAidUITests.swift */,
				4BE22A3D1D026F2E00A710F8 /* Info.plist */,
			);
			path = SleepAidUITests;
			sourceTree = "<group>";
		};
/* End PBXGroup section */

/* Begin PBXNativeTarget section */
		4BE22A151D026F2E00A710F8 /* SleepAid */ = {
			isa = PBXNativeTarget;
			buildConfigurationList = 4BE22A401D026F2E00A710F8 /* Build configuration list for PBXNativeTarget "SleepAid" */;
			buildPhases = (
				4BE22A121D026F2E00A710F8 /* Sources */,
				4BE22A131D026F2E00A710F8 /* Frameworks */,
				4BE22A141D026F2E00A710F8 /* Resources */,
			);
			buildRules = (
			);
			dependencies = (
			);
			name = SleepAid;
			productName = SleepAid;
			productReference = 4BE22A161D026F2E00A710F8 /* SleepAid.app */;
			productType = "com.apple.product-type.application";
		};
		4BE22A2B1D026F2E00A710F8 /* SleepAidTests */ = {
			isa = PBXNativeTarget;
			buildConfigurationList = 4BE22A431D026F2E00A710F8 /* Build configuration list for PBXNativeTarget "SleepAidTests" */;
			buildPhases = (
				4BE22A281D026F2E00A710F8 /* Sources */,
				4BE22A291D026F2E00A710F8 /* Frameworks */,
				4BE22A2A1D026F2E00A710F8 /* Resources */,
			);
			buildRules = (
			);
			dependencies = (
				4BE22A2E1D026F2E00A710F8 /* PBXTargetDependency */,
			);
			name = SleepAidTests;
			productName = SleepAidTests;
			productReference = 4BE22A2C1D026F2E00A710F8 /* SleepAidTests.xctest */;
			productType = "com.apple.product-type.bundle.unit-test";
		};
		4BE22A361D026F2E00A710F8 /* SleepAidUITests */ = {
			isa = PBXNativeTarget;
			buildConfigurationList = 4BE22A461D026F2E00A710F8 /* Build configuration list for PBXNativeTarget "SleepAidUITests" */;
			buildPhases = (
				4BE22A331D026F2E00A710F8 /* Sources */,
				4BE22A341D026F2E00A710F8 /* Frameworks */,
				4BE22A351D026F2E00A710F8 /* Resources */,
			);
			buildRules = (
			);
			dependencies = (
				4BE22A391D026F2E00A710F8 /* PBXTargetDependency */,
			);
			name = SleepAidUITests;
			productName = SleepAidUITests;
			productReference = 4BE22A371D026F2E00A710F8 /* SleepAidUITests.xctest */;
			productType = "com.apple.product-type.bundle.ui-testing";
		};
/* End PBXNativeTarget section */

/* Begin PBXProject section */
		4BE22A0E1D026F2E00A710F8 /* Project object */ = {
			isa = PBXProject;
			attributes = {
				LastSwiftUpdateCheck = 0730;
				LastUpgradeCheck = 0730;
				ORGANIZATIONNAME = MobileStar;
				TargetAttributes = {
					4BE22A151D026F2E00A710F8 = {
						CreatedOnToolsVersion = 7.3;
					};
					4BE22A2B1D026F2E00A710F8 = {
						CreatedOnToolsVersion = 7.3;
						TestTargetID = 4BE22A151D026F2E00A710F8;
					};
					4BE22A361D026F2E00A710F8 = {
						CreatedOnToolsVersion = 7.3;
						TestTargetID = 4BE22A151D026F2E00A710F8;
					};
				};
			};
			buildConfigurationList = 4BE22A111D026F2E00A710F8 /* Build configuration list for PBXProject "SleepAid" */;
			compatibilityVersion = "Xcode 3.2";
			developmentRegion = English;
			hasScannedForEncodings = 0;
			knownRegions = (
				en,
				Base,
			);
			mainGroup = 4BE22A0D1D026F2E00A710F8;
			productRefGroup = 4BE22A171D026F2E00A710F8 /* Products */;
			projectDirPath = "";
			projectRoot = "";
			targets = (
				4BE22A151D026F2E00A710F8 /* SleepAid */,
				4BE22A2B1D026F2E00A710F8 /* SleepAidTests */,
				4BE22A361D026F2E00A710F8 /* SleepAidUITests */,
			);
		};
/* End PBXProject section */

/* Begin PBXResourcesBuildPhase section */
		4BE22A141D026F2E00A710F8 /* Resources */ = {
			isa = PBXResourcesBuildPhase;
			buildActionMask = 2147483647;
			files = (
				4B216E571D14A33900F8F786 /* To the end of the world.mp3 in Resources */,
				4BE22A261D026F2E00A710F8 /* LaunchScreen.storyboard in Resources */,
				4BE22A231D026F2E00A710F8 /* Assets.xcassets in Resources */,
				4B0E93781D13AAAD00B6409B /* Sleep Peacefully Alarm.mp3 in Resources */,
				4BE22A211D026F2E00A710F8 /* Main.storyboard in Resources */,
				4B0E93791D13AAAD00B6409B /* Words to live by.mp3 in Resources */,
			);
			runOnlyForDeploymentPostprocessing = 0;
		};
		4BE22A2A1D026F2E00A710F8 /* Resources */ = {
			isa = PBXResourcesBuildPhase;
			buildActionMask = 2147483647;
			files = (
			);
			runOnlyForDeploymentPostprocessing = 0;
		};
		4BE22A351D026F2E00A710F8 /* Resources */ = {
			isa = PBXResourcesBuildPhase;
			buildActionMask = 2147483647;
			files = (
			);
			runOnlyForDeploymentPostprocessing = 0;
		};
/* End PBXResourcesBuildPhase section */

/* Begin PBXSourcesBuildPhase section */
		4BE22A121D026F2E00A710F8 /* Sources */ = {
			isa = PBXSourcesBuildPhase;
			buildActionMask = 2147483647;
			files = (
				4B01FDBB1D0B3C3200D89855 /* NotifyViewTableCell.swift in Sources */,
				4B2B54FE1D19F2AD0037A338 /* SelectMusicTableViewCell.swift in Sources */,
				4B196EB21D051BEF00A2B61C /* AddAlarmViewController.swift in Sources */,
				4B196EB41D055EE100A2B61C /* AddAlarmTitleViewController.swift in Sources */,
				4BB2654B1D0D46F4008A9E63 /* FAQViewController.swift in Sources */,
				4BB2654D1D0D50D5008A9E63 /* AnswerViewController.swift in Sources */,
				4BB40D631D08980200AA1F9C /* Alarm.swift in Sources */,
				4B196EB01D048D9100A2B61C /* AlarmViewTableCell.swift in Sources */,
				4BB40D6E1D09878900AA1F9C /* PlayMusicViewController.swift in Sources */,
				4BE46F921D0ACCE9002F94B1 /* NotifyViewController.swift in Sources */,
				4B01FDC11D0BBD9700D89855 /* AboutAuthorViewController.swift in Sources */,
				4BB40D611D0897C000AA1F9C /* AlarmList.swift in Sources */,
				4B13E32D1D076D880032B7E5 /* SelectMusicViewController.swift in Sources */,
				4B0E93731D13923000B6409B /* CustomTabBarController.swift in Sources */,
				4B196EAE1D027C4E00A2B61C /* AlarmViewController.swift in Sources */,
				4B01FDBD1D0B692000D89855 /* SettingsViewController.swift in Sources */,
				4BC8E4701D062E4200287499 /* Common.swift in Sources */,
				4B0E93751D139DC100B6409B /* CustomNavigationBarController.swift in Sources */,
				4BE22A1A1D026F2E00A710F8 /* AppDelegate.swift in Sources */,
			);
			runOnlyForDeploymentPostprocessing = 0;
		};
		4BE22A281D026F2E00A710F8 /* Sources */ = {
			isa = PBXSourcesBuildPhase;
			buildActionMask = 2147483647;
			files = (
				4BE22A311D026F2E00A710F8 /* SleepAidTests.swift in Sources */,
			);
			runOnlyForDeploymentPostprocessing = 0;
		};
		4BE22A331D026F2E00A710F8 /* Sources */ = {
			isa = PBXSourcesBuildPhase;
			buildActionMask = 2147483647;
			files = (
				4BE22A3C1D026F2E00A710F8 /* SleepAidUITests.swift in Sources */,
			);
			runOnlyForDeploymentPostprocessing = 0;
		};
/* End PBXSourcesBuildPhase section */

/* Begin PBXTargetDependency section */
		4BE22A2E1D026F2E00A710F8 /* PBXTargetDependency */ = {
			isa = PBXTargetDependency;
			target = 4BE22A151D026F2E00A710F8 /* SleepAid */;
			targetProxy = 4BE22A2D1D026F2E00A710F8 /* PBXContainerItemProxy */;
		};
		4BE22A391D026F2E00A710F8 /* PBXTargetDependency */ = {
			isa = PBXTargetDependency;
			target = 4BE22A151D026F2E00A710F8 /* SleepAid */;
			targetProxy = 4BE22A381D026F2E00A710F8 /* PBXContainerItemProxy */;
		};
/* End PBXTargetDependency section */

/* Begin PBXVariantGroup section */
		4BE22A1F1D026F2E00A710F8 /* Main.storyboard */ = {
			isa = PBXVariantGroup;
			children = (
				4BE22A201D026F2E00A710F8 /* Base */,
			);
			name = Main.storyboard;
			sourceTree = "<group>";
		};
		4BE22A241D026F2E00A710F8 /* LaunchScreen.storyboard */ = {
			isa = PBXVariantGroup;
			children = (
				4BE22A251D026F2E00A710F8 /* Base */,
			);
			name = LaunchScreen.storyboard;
			sourceTree = "<group>";
		};
/* End PBXVariantGroup section */

/* Begin XCBuildConfiguration section */
		4BE22A3E1D026F2E00A710F8 /* Debug */ = {
			isa = XCBuildConfiguration;
			buildSettings = {
				ALWAYS_SEARCH_USER_PATHS = NO;
				CLANG_ANALYZER_NONNULL = YES;
				CLANG_CXX_LANGUAGE_STANDARD = "gnu++0x";
				CLANG_CXX_LIBRARY = "libc++";
				CLANG_ENABLE_MODULES = YES;
				CLANG_ENABLE_OBJC_ARC = YES;
				CLANG_WARN_BOOL_CONVERSION = YES;
				CLANG_WARN_CONSTANT_CONVERSION = YES;
				CLANG_WARN_DIRECT_OBJC_ISA_USAGE = YES_ERROR;
				CLANG_WARN_EMPTY_BODY = YES;
				CLANG_WARN_ENUM_CONVERSION = YES;
				CLANG_WARN_INT_CONVERSION = YES;
				CLANG_WARN_OBJC_ROOT_CLASS = YES_ERROR;
				CLANG_WARN_UNREACHABLE_CODE = YES;
				CLANG_WARN__DUPLICATE_METHOD_MATCH = YES;
				CODE_SIGN_IDENTITY = "iPhone Developer: Pat Colucci (96ZWSS2R65)";
				"CODE_SIGN_IDENTITY[sdk=iphoneos*]" = "iPhone Developer: Pat Colucci (96ZWSS2R65)";
				COPY_PHASE_STRIP = NO;
				DEBUG_INFORMATION_FORMAT = dwarf;
				ENABLE_STRICT_OBJC_MSGSEND = YES;
				ENABLE_TESTABILITY = YES;
				GCC_C_LANGUAGE_STANDARD = gnu99;
				GCC_DYNAMIC_NO_PIC = NO;
				GCC_NO_COMMON_BLOCKS = YES;
				GCC_OPTIMIZATION_LEVEL = 0;
				GCC_PREPROCESSOR_DEFINITIONS = (
					"DEBUG=1",
					"$(inherited)",
				);
				GCC_WARN_64_TO_32_BIT_CONVERSION = YES;
				GCC_WARN_ABOUT_RETURN_TYPE = YES_ERROR;
				GCC_WARN_UNDECLARED_SELECTOR = YES;
				GCC_WARN_UNINITIALIZED_AUTOS = YES_AGGRESSIVE;
				GCC_WARN_UNUSED_FUNCTION = YES;
				GCC_WARN_UNUSED_VARIABLE = YES;
				IPHONEOS_DEPLOYMENT_TARGET = 9.3;
				MTL_ENABLE_DEBUG_INFO = YES;
				ONLY_ACTIVE_ARCH = YES;
				PROVISIONING_PROFILE = "d4f46127-2955-4762-be6c-e8acd560cbc3";
				SDKROOT = iphoneos;
				SWIFT_OPTIMIZATION_LEVEL = "-Onone";
			};
			name = Debug;
		};
		4BE22A3F1D026F2E00A710F8 /* Release */ = {
			isa = XCBuildConfiguration;
			buildSettings = {
				ALWAYS_SEARCH_USER_PATHS = NO;
				CLANG_ANALYZER_NONNULL = YES;
				CLANG_CXX_LANGUAGE_STANDARD = "gnu++0x";
				CLANG_CXX_LIBRARY = "libc++";
				CLANG_ENABLE_MODULES = YES;
				CLANG_ENABLE_OBJC_ARC = YES;
				CLANG_WARN_BOOL_CONVERSION = YES;
				CLANG_WARN_CONSTANT_CONVERSION = YES;
				CLANG_WARN_DIRECT_OBJC_ISA_USAGE = YES_ERROR;
				CLANG_WARN_EMPTY_BODY = YES;
				CLANG_WARN_ENUM_CONVERSION = YES;
				CLANG_WARN_INT_CONVERSION = YES;
				CLANG_WARN_OBJC_ROOT_CLASS = YES_ERROR;
				CLANG_WARN_UNREACHABLE_CODE = YES;
				CLANG_WARN__DUPLICATE_METHOD_MATCH = YES;
				CODE_SIGN_IDENTITY = "iPhone Developer: Pat Colucci (96ZWSS2R65)";
				"CODE_SIGN_IDENTITY[sdk=iphoneos*]" = "iPhone Developer: Pat Colucci (96ZWSS2R65)";
				COPY_PHASE_STRIP = NO;
				DEBUG_INFORMATION_FORMAT = "dwarf-with-dsym";
				ENABLE_NS_ASSERTIONS = NO;
				ENABLE_STRICT_OBJC_MSGSEND = YES;
				GCC_C_LANGUAGE_STANDARD = gnu99;
				GCC_NO_COMMON_BLOCKS = YES;
				GCC_WARN_64_TO_32_BIT_CONVERSION = YES;
				GCC_WARN_ABOUT_RETURN_TYPE = YES_ERROR;
				GCC_WARN_UNDECLARED_SELECTOR = YES;
				GCC_WARN_UNINITIALIZED_AUTOS = YES_AGGRESSIVE;
				GCC_WARN_UNUSED_FUNCTION = YES;
				GCC_WARN_UNUSED_VARIABLE = YES;
				IPHONEOS_DEPLOYMENT_TARGET = 9.3;
				MTL_ENABLE_DEBUG_INFO = NO;
				PROVISIONING_PROFILE = "d4f46127-2955-4762-be6c-e8acd560cbc3";
				SDKROOT = iphoneos;
				VALIDATE_PRODUCT = YES;
			};
			name = Release;
		};
		4BE22A411D026F2E00A710F8 /* Debug */ = {
			isa = XCBuildConfiguration;
			buildSettings = {
				ASSETCATALOG_COMPILER_APPICON_NAME = AppIcon;
				CODE_SIGN_IDENTITY = "iPhone Developer: Pat Colucci (96ZWSS2R65)";
				INFOPLIST_FILE = SleepAid/Info.plist;
				LD_RUNPATH_SEARCH_PATHS = "$(inherited) @executable_path/Frameworks";
				PRODUCT_BUNDLE_IDENTIFIER = enriquealonso.SleepAid;
				PRODUCT_NAME = "$(TARGET_NAME)";
				PROVISIONING_PROFILE = "d4f46127-2955-4762-be6c-e8acd560cbc3";
			};
			name = Debug;
		};
		4BE22A421D026F2E00A710F8 /* Release */ = {
			isa = XCBuildConfiguration;
			buildSettings = {
				ASSETCATALOG_COMPILER_APPICON_NAME = AppIcon;
				CODE_SIGN_IDENTITY = "iPhone Developer: Pat Colucci (96ZWSS2R65)";
				INFOPLIST_FILE = SleepAid/Info.plist;
				LD_RUNPATH_SEARCH_PATHS = "$(inherited) @executable_path/Frameworks";
				PRODUCT_BUNDLE_IDENTIFIER = enriquealonso.SleepAid;
				PRODUCT_NAME = "$(TARGET_NAME)";
				PROVISIONING_PROFILE = "d4f46127-2955-4762-be6c-e8acd560cbc3";
			};
			name = Release;
		};
		4BE22A441D026F2E00A710F8 /* Debug */ = {
			isa = XCBuildConfiguration;
			buildSettings = {
				BUNDLE_LOADER = "$(TEST_HOST)";
				INFOPLIST_FILE = SleepAidTests/Info.plist;
				LD_RUNPATH_SEARCH_PATHS = "$(inherited) @executable_path/Frameworks @loader_path/Frameworks";
				PRODUCT_BUNDLE_IDENTIFIER = enriquealonso.SleepAidTests;
				PRODUCT_NAME = "$(TARGET_NAME)";
				TEST_HOST = "$(BUILT_PRODUCTS_DIR)/SleepAid.app/SleepAid";
			};
			name = Debug;
		};
		4BE22A451D026F2E00A710F8 /* Release */ = {
			isa = XCBuildConfiguration;
			buildSettings = {
				BUNDLE_LOADER = "$(TEST_HOST)";
				INFOPLIST_FILE = SleepAidTests/Info.plist;
				LD_RUNPATH_SEARCH_PATHS = "$(inherited) @executable_path/Frameworks @loader_path/Frameworks";
				PRODUCT_BUNDLE_IDENTIFIER = enriquealonso.SleepAidTests;
				PRODUCT_NAME = "$(TARGET_NAME)";
				TEST_HOST = "$(BUILT_PRODUCTS_DIR)/SleepAid.app/SleepAid";
			};
			name = Release;
		};
		4BE22A471D026F2E00A710F8 /* Debug */ = {
			isa = XCBuildConfiguration;
			buildSettings = {
				INFOPLIST_FILE = SleepAidUITests/Info.plist;
				LD_RUNPATH_SEARCH_PATHS = "$(inherited) @executable_path/Frameworks @loader_path/Frameworks";
				PRODUCT_BUNDLE_IDENTIFIER = enriquealonso.SleepAidUITests;
				PRODUCT_NAME = "$(TARGET_NAME)";
				TEST_TARGET_NAME = SleepAid;
			};
			name = Debug;
		};
		4BE22A481D026F2E00A710F8 /* Release */ = {
			isa = XCBuildConfiguration;
			buildSettings = {
				INFOPLIST_FILE = SleepAidUITests/Info.plist;
				LD_RUNPATH_SEARCH_PATHS = "$(inherited) @executable_path/Frameworks @loader_path/Frameworks";
				PRODUCT_BUNDLE_IDENTIFIER = enriquealonso.SleepAidUITests;
				PRODUCT_NAME = "$(TARGET_NAME)";
				TEST_TARGET_NAME = SleepAid;
			};
			name = Release;
		};
/* End XCBuildConfiguration section */

/* Begin XCConfigurationList section */
		4BE22A111D026F2E00A710F8 /* Build configuration list for PBXProject "SleepAid" */ = {
			isa = XCConfigurationList;
			buildConfigurations = (
				4BE22A3E1D026F2E00A710F8 /* Debug */,
				4BE22A3F1D026F2E00A710F8 /* Release */,
			);
			defaultConfigurationIsVisible = 0;
			defaultConfigurationName = Release;
		};
		4BE22A401D026F2E00A710F8 /* Build configuration list for PBXNativeTarget "SleepAid" */ = {
			isa = XCConfigurationList;
			buildConfigurations = (
				4BE22A411D026F2E00A710F8 /* Debug */,
				4BE22A421D026F2E00A710F8 /* Release */,
			);
			defaultConfigurationIsVisible = 0;
			defaultConfigurationName = Release;
		};
		4BE22A431D026F2E00A710F8 /* Build configuration list for PBXNativeTarget "SleepAidTests" */ = {
			isa = XCConfigurationList;
			buildConfigurations = (
				4BE22A441D026F2E00A710F8 /* Debug */,
				4BE22A451D026F2E00A710F8 /* Release */,
			);
			defaultConfigurationIsVisible = 0;
			defaultConfigurationName = Release;
		};
		4BE22A461D026F2E00A710F8 /* Build configuration list for PBXNativeTarget "SleepAidUITests" */ = {
			isa = XCConfigurationList;
			buildConfigurations = (
				4BE22A471D026F2E00A710F8 /* Debug */,
				4BE22A481D026F2E00A710F8 /* Release */,
			);
			defaultConfigurationIsVisible = 0;
			defaultConfigurationName = Release;
		};
/* End XCConfigurationList section */
	};
	rootObject = 4BE22A0E1D026F2E00A710F8 /* Project object */;
}
